
Microsoft Visual Studio Solution File, Format Version 12.00
# Visual Studio 15
VisualStudioVersion = 15.0.28307.1500
MinimumVisualStudioVersion = 10.0.40219.1
Project("{FAE04EC0-301F-11D3-BF4B-00C04F79EFBC}") = "ReadTablesInWordFile", "ReadTablesInWordFile\ReadTablesInWordFile.csproj", "{8D5DA6DF-F3E8-4DF9-B284-266C1DC0AB62}"
EndProject
Project("{FAE04EC0-301F-11D3-BF4B-00C04F79EFBC}") = "ReadTablesTest", "ReadTablesTest\ReadTablesTest.csproj", "{65753A7D-1D10-48D1-BF1F-0D91E7906D6F}"
EndProject
Global
	GlobalSection(SolutionConfigurationPlatforms) = preSolution
		Debug|Any CPU = Debug|Any CPU
		Release|Any CPU = Release|Any CPU
	EndGlobalSection
	GlobalSection(ProjectConfigurationPlatforms) = postSolution
		{8D5DA6DF-F3E8-4DF9-B284-266C1DC0AB62}.Debug|Any CPU.ActiveCfg = Debug|Any CPU
		{8D5DA6DF-F3E8-4DF9-B284-266C1DC0AB62}.Debug|Any CPU.Build.0 = Debug|Any CPU
		{8D5DA6DF-F3E8-4DF9-B284-266C1DC0AB62}.Release|Any CPU.ActiveCfg = Release|Any CPU
		{8D5DA6DF-F3E8-4DF9-B284-266C1DC0AB62}.Release|Any CPU.Build.0 = Release|Any CPU
		{65753A7D-1D10-48D1-BF1F-0D91E7906D6F}.Debug|Any CPU.ActiveCfg = Debug|Any CPU
		{65753A7D-1D10-48D1-BF1F-0D91E7906D6F}.Debug|Any CPU.Build.0 = Debug|Any CPU
		{65753A7D-1D10-48D1-BF1F-0D91E7906D6F}.Release|Any CPU.ActiveCfg = Release|Any CPU
		{65753A7D-1D10-48D1-BF1F-0D91E7906D6F}.Release|Any CPU.Build.0 = Release|Any CPU
	EndGlobalSection
	GlobalSection(SolutionProperties) = preSolution
		HideSolutionNode = FALSE
	EndGlobalSection
	GlobalSection(ExtensibilityGlobals) = postSolution
		SolutionGuid = {C0788AEA-7760-43FB-BE27-5B398DD891A4}
	EndGlobalSection
EndGlobal
