
Microsoft Visual Studio Solution File, Format Version 12.00
# Visual Studio 15
VisualStudioVersion = 15.0.28307.1500
MinimumVisualStudioVersion = 10.0.40219.1
Project("{FAE04EC0-301F-11D3-BF4B-00C04F79EFBC}") = "PrintTableAndColumnNames", "PrintTableAndColumnNames\PrintTableAndColumnNames.csproj", "{E0C1FBE2-A314-4A1A-95AE-90B8BDF1A655}"
EndProject
Project("{FAE04EC0-301F-11D3-BF4B-00C04F79EFBC}") = "PrintTablesColumnsTest", "PrintTablesColumnsTest\PrintTablesColumnsTest.csproj", "{B61DB2B0-C8EF-4539-B18A-6AAA4341DDB1}"
EndProject
Global
	GlobalSection(SolutionConfigurationPlatforms) = preSolution
		Debug|Any CPU = Debug|Any CPU
		Release|Any CPU = Release|Any CPU
	EndGlobalSection
	GlobalSection(ProjectConfigurationPlatforms) = postSolution
		{E0C1FBE2-A314-4A1A-95AE-90B8BDF1A655}.Debug|Any CPU.ActiveCfg = Debug|Any CPU
		{E0C1FBE2-A314-4A1A-95AE-90B8BDF1A655}.Debug|Any CPU.Build.0 = Debug|Any CPU
		{E0C1FBE2-A314-4A1A-95AE-90B8BDF1A655}.Release|Any CPU.ActiveCfg = Release|Any CPU
		{E0C1FBE2-A314-4A1A-95AE-90B8BDF1A655}.Release|Any CPU.Build.0 = Release|Any CPU
		{B61DB2B0-C8EF-4539-B18A-6AAA4341DDB1}.Debug|Any CPU.ActiveCfg = Debug|Any CPU
		{B61DB2B0-C8EF-4539-B18A-6AAA4341DDB1}.Debug|Any CPU.Build.0 = Debug|Any CPU
		{B61DB2B0-C8EF-4539-B18A-6AAA4341DDB1}.Release|Any CPU.ActiveCfg = Release|Any CPU
		{B61DB2B0-C8EF-4539-B18A-6AAA4341DDB1}.Release|Any CPU.Build.0 = Release|Any CPU
	EndGlobalSection
	GlobalSection(SolutionProperties) = preSolution
		HideSolutionNode = FALSE
	EndGlobalSection
	GlobalSection(ExtensibilityGlobals) = postSolution
		SolutionGuid = {6EE7A91E-327C-46FE-B6A7-1E94606B4378}
	EndGlobalSection
EndGlobal
