
Microsoft Visual Studio Solution File, Format Version 12.00
# Visual Studio 15
VisualStudioVersion = 15.0.28307.1500
MinimumVisualStudioVersion = 10.0.40219.1
Project("{FAE04EC0-301F-11D3-BF4B-00C04F79EFBC}") = "SortSecondName", "SortSecondName\SortSecondName.csproj", "{13265F40-23F1-4993-A205-E13473130E8E}"
EndProject
Project("{FAE04EC0-301F-11D3-BF4B-00C04F79EFBC}") = "SortSecondNameTest", "SortSecondNameTest\SortSecondNameTest.csproj", "{E0C0765B-9D98-46E5-9E7E-F5A6A31F6588}"
EndProject
Global
	GlobalSection(SolutionConfigurationPlatforms) = preSolution
		Debug|Any CPU = Debug|Any CPU
		Release|Any CPU = Release|Any CPU
	EndGlobalSection
	GlobalSection(ProjectConfigurationPlatforms) = postSolution
		{13265F40-23F1-4993-A205-E13473130E8E}.Debug|Any CPU.ActiveCfg = Debug|Any CPU
		{13265F40-23F1-4993-A205-E13473130E8E}.Debug|Any CPU.Build.0 = Debug|Any CPU
		{13265F40-23F1-4993-A205-E13473130E8E}.Release|Any CPU.ActiveCfg = Release|Any CPU
		{13265F40-23F1-4993-A205-E13473130E8E}.Release|Any CPU.Build.0 = Release|Any CPU
		{E0C0765B-9D98-46E5-9E7E-F5A6A31F6588}.Debug|Any CPU.ActiveCfg = Debug|Any CPU
		{E0C0765B-9D98-46E5-9E7E-F5A6A31F6588}.Debug|Any CPU.Build.0 = Debug|Any CPU
		{E0C0765B-9D98-46E5-9E7E-F5A6A31F6588}.Release|Any CPU.ActiveCfg = Release|Any CPU
		{E0C0765B-9D98-46E5-9E7E-F5A6A31F6588}.Release|Any CPU.Build.0 = Release|Any CPU
	EndGlobalSection
	GlobalSection(SolutionProperties) = preSolution
		HideSolutionNode = FALSE
	EndGlobalSection
	GlobalSection(ExtensibilityGlobals) = postSolution
		SolutionGuid = {038B03D3-8279-40BC-AFA1-B2CAF2A5475F}
	EndGlobalSection
EndGlobal
