
Microsoft Visual Studio Solution File, Format Version 12.00
# Visual Studio 15
VisualStudioVersion = 15.0.28307.1500
MinimumVisualStudioVersion = 10.0.40219.1
Project("{FAE04EC0-301F-11D3-BF4B-00C04F79EFBC}") = "DigitsToWords", "DigitsToWords\DigitsToWords.csproj", "{817EEBBF-73C1-4D3B-A8AF-7464F4357BAA}"
EndProject
Project("{FAE04EC0-301F-11D3-BF4B-00C04F79EFBC}") = "DigitsToWordsTest", "DigitsToWordsTest\DigitsToWordsTest.csproj", "{A95035D7-6444-4817-9D2F-55B7E4B72301}"
EndProject
Global
	GlobalSection(SolutionConfigurationPlatforms) = preSolution
		Debug|Any CPU = Debug|Any CPU
		Release|Any CPU = Release|Any CPU
	EndGlobalSection
	GlobalSection(ProjectConfigurationPlatforms) = postSolution
		{817EEBBF-73C1-4D3B-A8AF-7464F4357BAA}.Debug|Any CPU.ActiveCfg = Debug|Any CPU
		{817EEBBF-73C1-4D3B-A8AF-7464F4357BAA}.Debug|Any CPU.Build.0 = Debug|Any CPU
		{817EEBBF-73C1-4D3B-A8AF-7464F4357BAA}.Release|Any CPU.ActiveCfg = Release|Any CPU
		{817EEBBF-73C1-4D3B-A8AF-7464F4357BAA}.Release|Any CPU.Build.0 = Release|Any CPU
		{A95035D7-6444-4817-9D2F-55B7E4B72301}.Debug|Any CPU.ActiveCfg = Debug|Any CPU
		{A95035D7-6444-4817-9D2F-55B7E4B72301}.Debug|Any CPU.Build.0 = Debug|Any CPU
		{A95035D7-6444-4817-9D2F-55B7E4B72301}.Release|Any CPU.ActiveCfg = Release|Any CPU
		{A95035D7-6444-4817-9D2F-55B7E4B72301}.Release|Any CPU.Build.0 = Release|Any CPU
	EndGlobalSection
	GlobalSection(SolutionProperties) = preSolution
		HideSolutionNode = FALSE
	EndGlobalSection
	GlobalSection(ExtensibilityGlobals) = postSolution
		SolutionGuid = {77AA025A-8B48-4B48-A7FE-1E61FDDB584C}
	EndGlobalSection
EndGlobal
