
Microsoft Visual Studio Solution File, Format Version 12.00
# Visual Studio 15
VisualStudioVersion = 15.0.28307.1500
MinimumVisualStudioVersion = 10.0.40219.1
Project("{FAE04EC0-301F-11D3-BF4B-00C04F79EFBC}") = "ClassBasedGroup", "ClassBasedGroup\ClassBasedGroup.csproj", "{0CAE1974-2BB6-4011-8FD0-ABE8FA12BE6B}"
EndProject
Project("{FAE04EC0-301F-11D3-BF4B-00C04F79EFBC}") = "ClassBasedGroupTest", "ClassBasedGroupTest\ClassBasedGroupTest.csproj", "{3B4422F4-7963-46AA-93B4-C211545582AF}"
EndProject
Global
	GlobalSection(SolutionConfigurationPlatforms) = preSolution
		Debug|Any CPU = Debug|Any CPU
		Release|Any CPU = Release|Any CPU
	EndGlobalSection
	GlobalSection(ProjectConfigurationPlatforms) = postSolution
		{0CAE1974-2BB6-4011-8FD0-ABE8FA12BE6B}.Debug|Any CPU.ActiveCfg = Debug|Any CPU
		{0CAE1974-2BB6-4011-8FD0-ABE8FA12BE6B}.Debug|Any CPU.Build.0 = Debug|Any CPU
		{0CAE1974-2BB6-4011-8FD0-ABE8FA12BE6B}.Release|Any CPU.ActiveCfg = Release|Any CPU
		{0CAE1974-2BB6-4011-8FD0-ABE8FA12BE6B}.Release|Any CPU.Build.0 = Release|Any CPU
		{3B4422F4-7963-46AA-93B4-C211545582AF}.Debug|Any CPU.ActiveCfg = Debug|Any CPU
		{3B4422F4-7963-46AA-93B4-C211545582AF}.Debug|Any CPU.Build.0 = Debug|Any CPU
		{3B4422F4-7963-46AA-93B4-C211545582AF}.Release|Any CPU.ActiveCfg = Release|Any CPU
		{3B4422F4-7963-46AA-93B4-C211545582AF}.Release|Any CPU.Build.0 = Release|Any CPU
	EndGlobalSection
	GlobalSection(SolutionProperties) = preSolution
		HideSolutionNode = FALSE
	EndGlobalSection
	GlobalSection(ExtensibilityGlobals) = postSolution
		SolutionGuid = {51302BD3-6CCA-42A1-93DF-9B30260709AF}
	EndGlobalSection
EndGlobal
