
Microsoft Visual Studio Solution File, Format Version 12.00
# Visual Studio 15
VisualStudioVersion = 15.0.28307.1500
MinimumVisualStudioVersion = 10.0.40219.1
Project("{FAE04EC0-301F-11D3-BF4B-00C04F79EFBC}") = "FetchEmployeeTableSQL", "FetchEmployeeTableSQL\FetchEmployeeTableSQL.csproj", "{947224D4-0A6F-4D31-B0E5-1E263B5216E4}"
EndProject
Project("{FAE04EC0-301F-11D3-BF4B-00C04F79EFBC}") = "EmployeeDataTest", "EmployeeDataTest\EmployeeDataTest.csproj", "{CBE7BB5E-D0EF-48D7-9F0E-FD8CBFB572EB}"
EndProject
Global
	GlobalSection(SolutionConfigurationPlatforms) = preSolution
		Debug|Any CPU = Debug|Any CPU
		Release|Any CPU = Release|Any CPU
	EndGlobalSection
	GlobalSection(ProjectConfigurationPlatforms) = postSolution
		{947224D4-0A6F-4D31-B0E5-1E263B5216E4}.Debug|Any CPU.ActiveCfg = Debug|Any CPU
		{947224D4-0A6F-4D31-B0E5-1E263B5216E4}.Debug|Any CPU.Build.0 = Debug|Any CPU
		{947224D4-0A6F-4D31-B0E5-1E263B5216E4}.Release|Any CPU.ActiveCfg = Release|Any CPU
		{947224D4-0A6F-4D31-B0E5-1E263B5216E4}.Release|Any CPU.Build.0 = Release|Any CPU
		{CBE7BB5E-D0EF-48D7-9F0E-FD8CBFB572EB}.Debug|Any CPU.ActiveCfg = Debug|Any CPU
		{CBE7BB5E-D0EF-48D7-9F0E-FD8CBFB572EB}.Debug|Any CPU.Build.0 = Debug|Any CPU
		{CBE7BB5E-D0EF-48D7-9F0E-FD8CBFB572EB}.Release|Any CPU.ActiveCfg = Release|Any CPU
		{CBE7BB5E-D0EF-48D7-9F0E-FD8CBFB572EB}.Release|Any CPU.Build.0 = Release|Any CPU
	EndGlobalSection
	GlobalSection(SolutionProperties) = preSolution
		HideSolutionNode = FALSE
	EndGlobalSection
	GlobalSection(ExtensibilityGlobals) = postSolution
		SolutionGuid = {26B7DBD6-2160-4444-B49E-36A3DB3A88FE}
	EndGlobalSection
EndGlobal
