
Microsoft Visual Studio Solution File, Format Version 12.00
# Visual Studio 15
VisualStudioVersion = 15.0.28307.1500
MinimumVisualStudioVersion = 10.0.40219.1
Project("{FAE04EC0-301F-11D3-BF4B-00C04F79EFBC}") = "ReadAndWriteFile", "ReadAndWriteFile\ReadAndWriteFile.csproj", "{404C1230-E081-46DE-9447-CADD8FB4B292}"
EndProject
Project("{FAE04EC0-301F-11D3-BF4B-00C04F79EFBC}") = "ReadAndWritetest", "ReadAndWritetest\ReadAndWritetest.csproj", "{95201399-4311-49F5-A283-9C12D9F15CD8}"
EndProject
Global
	GlobalSection(SolutionConfigurationPlatforms) = preSolution
		Debug|Any CPU = Debug|Any CPU
		Release|Any CPU = Release|Any CPU
	EndGlobalSection
	GlobalSection(ProjectConfigurationPlatforms) = postSolution
		{404C1230-E081-46DE-9447-CADD8FB4B292}.Debug|Any CPU.ActiveCfg = Debug|Any CPU
		{404C1230-E081-46DE-9447-CADD8FB4B292}.Debug|Any CPU.Build.0 = Debug|Any CPU
		{404C1230-E081-46DE-9447-CADD8FB4B292}.Release|Any CPU.ActiveCfg = Release|Any CPU
		{404C1230-E081-46DE-9447-CADD8FB4B292}.Release|Any CPU.Build.0 = Release|Any CPU
		{95201399-4311-49F5-A283-9C12D9F15CD8}.Debug|Any CPU.ActiveCfg = Debug|Any CPU
		{95201399-4311-49F5-A283-9C12D9F15CD8}.Debug|Any CPU.Build.0 = Debug|Any CPU
		{95201399-4311-49F5-A283-9C12D9F15CD8}.Release|Any CPU.ActiveCfg = Release|Any CPU
		{95201399-4311-49F5-A283-9C12D9F15CD8}.Release|Any CPU.Build.0 = Release|Any CPU
	EndGlobalSection
	GlobalSection(SolutionProperties) = preSolution
		HideSolutionNode = FALSE
	EndGlobalSection
	GlobalSection(ExtensibilityGlobals) = postSolution
		SolutionGuid = {62E5E09F-48AA-4F45-935F-C05B27F819A4}
	EndGlobalSection
EndGlobal
