
Microsoft Visual Studio Solution File, Format Version 12.00
# Visual Studio 15
VisualStudioVersion = 15.0.28307.1500
MinimumVisualStudioVersion = 10.0.40219.1
Project("{FAE04EC0-301F-11D3-BF4B-00C04F79EFBC}") = "PFDeduction", "PFDeduction\PFDeduction.csproj", "{26DC3E37-9692-4CF8-A8A4-C6B4E284EBCD}"
EndProject
Project("{FAE04EC0-301F-11D3-BF4B-00C04F79EFBC}") = "PFDeductionTest", "PFDeductionTest\PFDeductionTest.csproj", "{35D8F80F-3F7B-4F35-BD8C-22D9DDC57373}"
EndProject
Global
	GlobalSection(SolutionConfigurationPlatforms) = preSolution
		Debug|Any CPU = Debug|Any CPU
		Release|Any CPU = Release|Any CPU
	EndGlobalSection
	GlobalSection(ProjectConfigurationPlatforms) = postSolution
		{26DC3E37-9692-4CF8-A8A4-C6B4E284EBCD}.Debug|Any CPU.ActiveCfg = Debug|Any CPU
		{26DC3E37-9692-4CF8-A8A4-C6B4E284EBCD}.Debug|Any CPU.Build.0 = Debug|Any CPU
		{26DC3E37-9692-4CF8-A8A4-C6B4E284EBCD}.Release|Any CPU.ActiveCfg = Release|Any CPU
		{26DC3E37-9692-4CF8-A8A4-C6B4E284EBCD}.Release|Any CPU.Build.0 = Release|Any CPU
		{35D8F80F-3F7B-4F35-BD8C-22D9DDC57373}.Debug|Any CPU.ActiveCfg = Debug|Any CPU
		{35D8F80F-3F7B-4F35-BD8C-22D9DDC57373}.Debug|Any CPU.Build.0 = Debug|Any CPU
		{35D8F80F-3F7B-4F35-BD8C-22D9DDC57373}.Release|Any CPU.ActiveCfg = Release|Any CPU
		{35D8F80F-3F7B-4F35-BD8C-22D9DDC57373}.Release|Any CPU.Build.0 = Release|Any CPU
	EndGlobalSection
	GlobalSection(SolutionProperties) = preSolution
		HideSolutionNode = FALSE
	EndGlobalSection
	GlobalSection(ExtensibilityGlobals) = postSolution
		SolutionGuid = {3268DC43-6E5B-450D-B52D-F158E771CB17}
	EndGlobalSection
EndGlobal
