
Microsoft Visual Studio Solution File, Format Version 12.00
# Visual Studio 15
VisualStudioVersion = 15.0.28307.1500
MinimumVisualStudioVersion = 10.0.40219.1
Project("{FAE04EC0-301F-11D3-BF4B-00C04F79EFBC}") = "PrintingOneToHundredThreads", "PrintingOneToHundredThreads\PrintingOneToHundredThreads.csproj", "{83018C09-2482-42DE-BCB0-B2B1580899A9}"
EndProject
Project("{FAE04EC0-301F-11D3-BF4B-00C04F79EFBC}") = "PrintNumbersTest", "PrintNumbersTest\PrintNumbersTest.csproj", "{A9D0E2A8-440F-4827-9BE6-03CFDE76D9EF}"
EndProject
Global
	GlobalSection(SolutionConfigurationPlatforms) = preSolution
		Debug|Any CPU = Debug|Any CPU
		Release|Any CPU = Release|Any CPU
	EndGlobalSection
	GlobalSection(ProjectConfigurationPlatforms) = postSolution
		{83018C09-2482-42DE-BCB0-B2B1580899A9}.Debug|Any CPU.ActiveCfg = Debug|Any CPU
		{83018C09-2482-42DE-BCB0-B2B1580899A9}.Debug|Any CPU.Build.0 = Debug|Any CPU
		{83018C09-2482-42DE-BCB0-B2B1580899A9}.Release|Any CPU.ActiveCfg = Release|Any CPU
		{83018C09-2482-42DE-BCB0-B2B1580899A9}.Release|Any CPU.Build.0 = Release|Any CPU
		{A9D0E2A8-440F-4827-9BE6-03CFDE76D9EF}.Debug|Any CPU.ActiveCfg = Debug|Any CPU
		{A9D0E2A8-440F-4827-9BE6-03CFDE76D9EF}.Debug|Any CPU.Build.0 = Debug|Any CPU
		{A9D0E2A8-440F-4827-9BE6-03CFDE76D9EF}.Release|Any CPU.ActiveCfg = Release|Any CPU
		{A9D0E2A8-440F-4827-9BE6-03CFDE76D9EF}.Release|Any CPU.Build.0 = Release|Any CPU
	EndGlobalSection
	GlobalSection(SolutionProperties) = preSolution
		HideSolutionNode = FALSE
	EndGlobalSection
	GlobalSection(ExtensibilityGlobals) = postSolution
		SolutionGuid = {2CCFA622-9952-40FE-A70C-307D1DBEB816}
	EndGlobalSection
EndGlobal
