
Microsoft Visual Studio Solution File, Format Version 12.00
# Visual Studio 15
VisualStudioVersion = 15.0.28307.1500
MinimumVisualStudioVersion = 10.0.40219.1
Project("{FAE04EC0-301F-11D3-BF4B-00C04F79EFBC}") = "CapitalizeFirstLetter", "CapitalizeFirstLetter\CapitalizeFirstLetter.csproj", "{18BEA059-7894-428C-9D11-5622D3454092}"
EndProject
Project("{FAE04EC0-301F-11D3-BF4B-00C04F79EFBC}") = "CapitalizeFirstLetterTest", "CapitalizeFirstLetterTest\CapitalizeFirstLetterTest.csproj", "{BE3A481E-D8D6-49BF-B571-25B5E0F9B288}"
EndProject
Global
	GlobalSection(SolutionConfigurationPlatforms) = preSolution
		Debug|Any CPU = Debug|Any CPU
		Release|Any CPU = Release|Any CPU
	EndGlobalSection
	GlobalSection(ProjectConfigurationPlatforms) = postSolution
		{18BEA059-7894-428C-9D11-5622D3454092}.Debug|Any CPU.ActiveCfg = Debug|Any CPU
		{18BEA059-7894-428C-9D11-5622D3454092}.Debug|Any CPU.Build.0 = Debug|Any CPU
		{18BEA059-7894-428C-9D11-5622D3454092}.Release|Any CPU.ActiveCfg = Release|Any CPU
		{18BEA059-7894-428C-9D11-5622D3454092}.Release|Any CPU.Build.0 = Release|Any CPU
		{BE3A481E-D8D6-49BF-B571-25B5E0F9B288}.Debug|Any CPU.ActiveCfg = Debug|Any CPU
		{BE3A481E-D8D6-49BF-B571-25B5E0F9B288}.Debug|Any CPU.Build.0 = Debug|Any CPU
		{BE3A481E-D8D6-49BF-B571-25B5E0F9B288}.Release|Any CPU.ActiveCfg = Release|Any CPU
		{BE3A481E-D8D6-49BF-B571-25B5E0F9B288}.Release|Any CPU.Build.0 = Release|Any CPU
	EndGlobalSection
	GlobalSection(SolutionProperties) = preSolution
		HideSolutionNode = FALSE
	EndGlobalSection
	GlobalSection(ExtensibilityGlobals) = postSolution
		SolutionGuid = {D91F0487-4AA5-4265-9573-B6E77849CE8C}
	EndGlobalSection
EndGlobal
