
Microsoft Visual Studio Solution File, Format Version 12.00
# Visual Studio 15
VisualStudioVersion = 15.0.28307.1500
MinimumVisualStudioVersion = 10.0.40219.1
Project("{FAE04EC0-301F-11D3-BF4B-00C04F79EFBC}") = "EncapsulationAndAbstraction", "EncapsulationAndAbstraction\EncapsulationAndAbstraction.csproj", "{DBF63D1D-13E8-4C6B-AA2D-AEAD350AB7FE}"
EndProject
Project("{FAE04EC0-301F-11D3-BF4B-00C04F79EFBC}") = "EncapsulationAbstractionTest", "EncapsulationAbstractionTest\EncapsulationAbstractionTest.csproj", "{85C68C2A-0395-4972-905C-10FF1EF9EBC6}"
EndProject
Global
	GlobalSection(SolutionConfigurationPlatforms) = preSolution
		Debug|Any CPU = Debug|Any CPU
		Release|Any CPU = Release|Any CPU
	EndGlobalSection
	GlobalSection(ProjectConfigurationPlatforms) = postSolution
		{DBF63D1D-13E8-4C6B-AA2D-AEAD350AB7FE}.Debug|Any CPU.ActiveCfg = Debug|Any CPU
		{DBF63D1D-13E8-4C6B-AA2D-AEAD350AB7FE}.Debug|Any CPU.Build.0 = Debug|Any CPU
		{DBF63D1D-13E8-4C6B-AA2D-AEAD350AB7FE}.Release|Any CPU.ActiveCfg = Release|Any CPU
		{DBF63D1D-13E8-4C6B-AA2D-AEAD350AB7FE}.Release|Any CPU.Build.0 = Release|Any CPU
		{85C68C2A-0395-4972-905C-10FF1EF9EBC6}.Debug|Any CPU.ActiveCfg = Debug|Any CPU
		{85C68C2A-0395-4972-905C-10FF1EF9EBC6}.Debug|Any CPU.Build.0 = Debug|Any CPU
		{85C68C2A-0395-4972-905C-10FF1EF9EBC6}.Release|Any CPU.ActiveCfg = Release|Any CPU
		{85C68C2A-0395-4972-905C-10FF1EF9EBC6}.Release|Any CPU.Build.0 = Release|Any CPU
	EndGlobalSection
	GlobalSection(SolutionProperties) = preSolution
		HideSolutionNode = FALSE
	EndGlobalSection
	GlobalSection(ExtensibilityGlobals) = postSolution
		SolutionGuid = {C9D695D7-F2FB-4C2A-ADBD-813FF702D49D}
	EndGlobalSection
EndGlobal
