
Microsoft Visual Studio Solution File, Format Version 12.00
# Visual Studio 15
VisualStudioVersion = 15.0.28307.1500
MinimumVisualStudioVersion = 10.0.40219.1
Project("{FAE04EC0-301F-11D3-BF4B-00C04F79EFBC}") = "MultiLevelInheritance", "MultiLevelInheritance\MultiLevelInheritance.csproj", "{43278C43-36DD-4F3E-AA91-6A5B22AD950A}"
EndProject
Project("{FAE04EC0-301F-11D3-BF4B-00C04F79EFBC}") = "MultiLevelInheritanceTest", "MultiLevelInheritanceTest\MultiLevelInheritanceTest.csproj", "{C3417330-40E2-445B-A60C-E1E250A023C1}"
EndProject
Global
	GlobalSection(SolutionConfigurationPlatforms) = preSolution
		Debug|Any CPU = Debug|Any CPU
		Release|Any CPU = Release|Any CPU
	EndGlobalSection
	GlobalSection(ProjectConfigurationPlatforms) = postSolution
		{43278C43-36DD-4F3E-AA91-6A5B22AD950A}.Debug|Any CPU.ActiveCfg = Debug|Any CPU
		{43278C43-36DD-4F3E-AA91-6A5B22AD950A}.Debug|Any CPU.Build.0 = Debug|Any CPU
		{43278C43-36DD-4F3E-AA91-6A5B22AD950A}.Release|Any CPU.ActiveCfg = Release|Any CPU
		{43278C43-36DD-4F3E-AA91-6A5B22AD950A}.Release|Any CPU.Build.0 = Release|Any CPU
		{C3417330-40E2-445B-A60C-E1E250A023C1}.Debug|Any CPU.ActiveCfg = Debug|Any CPU
		{C3417330-40E2-445B-A60C-E1E250A023C1}.Debug|Any CPU.Build.0 = Debug|Any CPU
		{C3417330-40E2-445B-A60C-E1E250A023C1}.Release|Any CPU.ActiveCfg = Release|Any CPU
		{C3417330-40E2-445B-A60C-E1E250A023C1}.Release|Any CPU.Build.0 = Release|Any CPU
	EndGlobalSection
	GlobalSection(SolutionProperties) = preSolution
		HideSolutionNode = FALSE
	EndGlobalSection
	GlobalSection(ExtensibilityGlobals) = postSolution
		SolutionGuid = {E88B6771-2A53-4B54-8827-609CB456BEE7}
	EndGlobalSection
EndGlobal
