
Microsoft Visual Studio Solution File, Format Version 12.00
# Visual Studio 15
VisualStudioVersion = 15.0.28307.1500
MinimumVisualStudioVersion = 10.0.40219.1
Project("{FAE04EC0-301F-11D3-BF4B-00C04F79EFBC}") = "GenericAndSpecificExceptions", "GenericAndSpecificExceptions\GenericAndSpecificExceptions.csproj", "{4A763531-11E8-4CEA-BF2F-B7F62D73EA47}"
EndProject
Project("{FAE04EC0-301F-11D3-BF4B-00C04F79EFBC}") = "GenericAndSpecificExceptionTest", "GenericAndSpecificExceptionTest\GenericAndSpecificExceptionTest.csproj", "{71CD593E-85C2-4E5C-8ABA-A0018A41DF5F}"
EndProject
Global
	GlobalSection(SolutionConfigurationPlatforms) = preSolution
		Debug|Any CPU = Debug|Any CPU
		Release|Any CPU = Release|Any CPU
	EndGlobalSection
	GlobalSection(ProjectConfigurationPlatforms) = postSolution
		{4A763531-11E8-4CEA-BF2F-B7F62D73EA47}.Debug|Any CPU.ActiveCfg = Debug|Any CPU
		{4A763531-11E8-4CEA-BF2F-B7F62D73EA47}.Debug|Any CPU.Build.0 = Debug|Any CPU
		{4A763531-11E8-4CEA-BF2F-B7F62D73EA47}.Release|Any CPU.ActiveCfg = Release|Any CPU
		{4A763531-11E8-4CEA-BF2F-B7F62D73EA47}.Release|Any CPU.Build.0 = Release|Any CPU
		{71CD593E-85C2-4E5C-8ABA-A0018A41DF5F}.Debug|Any CPU.ActiveCfg = Debug|Any CPU
		{71CD593E-85C2-4E5C-8ABA-A0018A41DF5F}.Debug|Any CPU.Build.0 = Debug|Any CPU
		{71CD593E-85C2-4E5C-8ABA-A0018A41DF5F}.Release|Any CPU.ActiveCfg = Release|Any CPU
		{71CD593E-85C2-4E5C-8ABA-A0018A41DF5F}.Release|Any CPU.Build.0 = Release|Any CPU
	EndGlobalSection
	GlobalSection(SolutionProperties) = preSolution
		HideSolutionNode = FALSE
	EndGlobalSection
	GlobalSection(ExtensibilityGlobals) = postSolution
		SolutionGuid = {8CAA0A2D-06A6-4992-8747-2117EE2607CB}
	EndGlobalSection
EndGlobal
