
Microsoft Visual Studio Solution File, Format Version 12.00
# Visual Studio 15
VisualStudioVersion = 15.0.28307.1500
MinimumVisualStudioVersion = 10.0.40219.1
Project("{FAE04EC0-301F-11D3-BF4B-00C04F79EFBC}") = "StackList", "StackList\StackList.csproj", "{0BFE63B4-24D7-450C-BE11-A888019C3263}"
EndProject
Project("{FAE04EC0-301F-11D3-BF4B-00C04F79EFBC}") = "StackTest", "StackTest\StackTest.csproj", "{68235B2A-8349-4C63-8FE5-D516CECB40C0}"
EndProject
Global
	GlobalSection(SolutionConfigurationPlatforms) = preSolution
		Debug|Any CPU = Debug|Any CPU
		Release|Any CPU = Release|Any CPU
	EndGlobalSection
	GlobalSection(ProjectConfigurationPlatforms) = postSolution
		{0BFE63B4-24D7-450C-BE11-A888019C3263}.Debug|Any CPU.ActiveCfg = Debug|Any CPU
		{0BFE63B4-24D7-450C-BE11-A888019C3263}.Debug|Any CPU.Build.0 = Debug|Any CPU
		{0BFE63B4-24D7-450C-BE11-A888019C3263}.Release|Any CPU.ActiveCfg = Release|Any CPU
		{0BFE63B4-24D7-450C-BE11-A888019C3263}.Release|Any CPU.Build.0 = Release|Any CPU
		{68235B2A-8349-4C63-8FE5-D516CECB40C0}.Debug|Any CPU.ActiveCfg = Debug|Any CPU
		{68235B2A-8349-4C63-8FE5-D516CECB40C0}.Debug|Any CPU.Build.0 = Debug|Any CPU
		{68235B2A-8349-4C63-8FE5-D516CECB40C0}.Release|Any CPU.ActiveCfg = Release|Any CPU
		{68235B2A-8349-4C63-8FE5-D516CECB40C0}.Release|Any CPU.Build.0 = Release|Any CPU
	EndGlobalSection
	GlobalSection(SolutionProperties) = preSolution
		HideSolutionNode = FALSE
	EndGlobalSection
	GlobalSection(ExtensibilityGlobals) = postSolution
		SolutionGuid = {373C4831-F00B-4037-830A-D48A55E7BC81}
	EndGlobalSection
EndGlobal
