
Microsoft Visual Studio Solution File, Format Version 12.00
# Visual Studio 15
VisualStudioVersion = 15.0.28307.1500
MinimumVisualStudioVersion = 10.0.40219.1
Project("{FAE04EC0-301F-11D3-BF4B-00C04F79EFBC}") = "ATMOperations", "ATMOperations\ATMOperations.csproj", "{BCC9AEFC-4E6C-4BBD-ADF5-A17E8D79290A}"
EndProject
Project("{FAE04EC0-301F-11D3-BF4B-00C04F79EFBC}") = "ATMOperationsTest", "ATMOperationsTest\ATMOperationsTest.csproj", "{A327F178-F91B-4FBA-B8FB-927DC2B3A7A0}"
EndProject
Global
	GlobalSection(SolutionConfigurationPlatforms) = preSolution
		Debug|Any CPU = Debug|Any CPU
		Release|Any CPU = Release|Any CPU
	EndGlobalSection
	GlobalSection(ProjectConfigurationPlatforms) = postSolution
		{BCC9AEFC-4E6C-4BBD-ADF5-A17E8D79290A}.Debug|Any CPU.ActiveCfg = Debug|Any CPU
		{BCC9AEFC-4E6C-4BBD-ADF5-A17E8D79290A}.Debug|Any CPU.Build.0 = Debug|Any CPU
		{BCC9AEFC-4E6C-4BBD-ADF5-A17E8D79290A}.Release|Any CPU.ActiveCfg = Release|Any CPU
		{BCC9AEFC-4E6C-4BBD-ADF5-A17E8D79290A}.Release|Any CPU.Build.0 = Release|Any CPU
		{A327F178-F91B-4FBA-B8FB-927DC2B3A7A0}.Debug|Any CPU.ActiveCfg = Debug|Any CPU
		{A327F178-F91B-4FBA-B8FB-927DC2B3A7A0}.Debug|Any CPU.Build.0 = Debug|Any CPU
		{A327F178-F91B-4FBA-B8FB-927DC2B3A7A0}.Release|Any CPU.ActiveCfg = Release|Any CPU
		{A327F178-F91B-4FBA-B8FB-927DC2B3A7A0}.Release|Any CPU.Build.0 = Release|Any CPU
	EndGlobalSection
	GlobalSection(SolutionProperties) = preSolution
		HideSolutionNode = FALSE
	EndGlobalSection
	GlobalSection(ExtensibilityGlobals) = postSolution
		SolutionGuid = {A020FECA-C5C9-4A4D-97F6-2B37F6EBFF36}
	EndGlobalSection
EndGlobal
