
Microsoft Visual Studio Solution File, Format Version 12.00
# Visual Studio 15
VisualStudioVersion = 15.0.28307.1500
MinimumVisualStudioVersion = 10.0.40219.1
Project("{FAE04EC0-301F-11D3-BF4B-00C04F79EFBC}") = "ScoresHistogram", "ScoresHistogram\ScoresHistogram.csproj", "{55C97B35-5E9F-4C4A-BB4C-158085D09CFB}"
EndProject
Project("{FAE04EC0-301F-11D3-BF4B-00C04F79EFBC}") = "ScoresTester", "ScoresTester\ScoresTester.csproj", "{4F4CD5B9-B11E-4E56-94DC-D89A112594C2}"
EndProject
Global
	GlobalSection(SolutionConfigurationPlatforms) = preSolution
		Debug|Any CPU = Debug|Any CPU
		Release|Any CPU = Release|Any CPU
	EndGlobalSection
	GlobalSection(ProjectConfigurationPlatforms) = postSolution
		{55C97B35-5E9F-4C4A-BB4C-158085D09CFB}.Debug|Any CPU.ActiveCfg = Debug|Any CPU
		{55C97B35-5E9F-4C4A-BB4C-158085D09CFB}.Debug|Any CPU.Build.0 = Debug|Any CPU
		{55C97B35-5E9F-4C4A-BB4C-158085D09CFB}.Release|Any CPU.ActiveCfg = Release|Any CPU
		{55C97B35-5E9F-4C4A-BB4C-158085D09CFB}.Release|Any CPU.Build.0 = Release|Any CPU
		{4F4CD5B9-B11E-4E56-94DC-D89A112594C2}.Debug|Any CPU.ActiveCfg = Debug|Any CPU
		{4F4CD5B9-B11E-4E56-94DC-D89A112594C2}.Debug|Any CPU.Build.0 = Debug|Any CPU
		{4F4CD5B9-B11E-4E56-94DC-D89A112594C2}.Release|Any CPU.ActiveCfg = Release|Any CPU
		{4F4CD5B9-B11E-4E56-94DC-D89A112594C2}.Release|Any CPU.Build.0 = Release|Any CPU
	EndGlobalSection
	GlobalSection(SolutionProperties) = preSolution
		HideSolutionNode = FALSE
	EndGlobalSection
	GlobalSection(ExtensibilityGlobals) = postSolution
		SolutionGuid = {C51DA153-7EE6-4039-8D5C-B43F67CE21DE}
	EndGlobalSection
EndGlobal
