
Microsoft Visual Studio Solution File, Format Version 12.00
# Visual Studio 15
VisualStudioVersion = 15.0.28307.1500
MinimumVisualStudioVersion = 10.0.40219.1
Project("{FAE04EC0-301F-11D3-BF4B-00C04F79EFBC}") = "ListOfNames", "ListOfNames\ListOfNames.csproj", "{4F4E609A-6F4B-4DA9-BBAD-86287FBB08BC}"
EndProject
Project("{FAE04EC0-301F-11D3-BF4B-00C04F79EFBC}") = "ListOfNamesTest", "ListOfNamesTest\ListOfNamesTest.csproj", "{805741C4-EF17-49D0-A59F-66CEB6832ADD}"
EndProject
Global
	GlobalSection(SolutionConfigurationPlatforms) = preSolution
		Debug|Any CPU = Debug|Any CPU
		Release|Any CPU = Release|Any CPU
	EndGlobalSection
	GlobalSection(ProjectConfigurationPlatforms) = postSolution
		{4F4E609A-6F4B-4DA9-BBAD-86287FBB08BC}.Debug|Any CPU.ActiveCfg = Debug|Any CPU
		{4F4E609A-6F4B-4DA9-BBAD-86287FBB08BC}.Debug|Any CPU.Build.0 = Debug|Any CPU
		{4F4E609A-6F4B-4DA9-BBAD-86287FBB08BC}.Release|Any CPU.ActiveCfg = Release|Any CPU
		{4F4E609A-6F4B-4DA9-BBAD-86287FBB08BC}.Release|Any CPU.Build.0 = Release|Any CPU
		{805741C4-EF17-49D0-A59F-66CEB6832ADD}.Debug|Any CPU.ActiveCfg = Debug|Any CPU
		{805741C4-EF17-49D0-A59F-66CEB6832ADD}.Debug|Any CPU.Build.0 = Debug|Any CPU
		{805741C4-EF17-49D0-A59F-66CEB6832ADD}.Release|Any CPU.ActiveCfg = Release|Any CPU
		{805741C4-EF17-49D0-A59F-66CEB6832ADD}.Release|Any CPU.Build.0 = Release|Any CPU
	EndGlobalSection
	GlobalSection(SolutionProperties) = preSolution
		HideSolutionNode = FALSE
	EndGlobalSection
	GlobalSection(ExtensibilityGlobals) = postSolution
		SolutionGuid = {1E543619-7F44-4452-AE83-960AF4AAC9CA}
	EndGlobalSection
EndGlobal
